// !$*UTF8*$!
{
	archiveVersion = 1;
	classes = {
	};
	objectVersion = 46;
	objects = {

/* Begin PBXBuildFile section */
		0A13F4BC1689530500EDBBCD /* FirstViewController.m in Sources */ = {isa = PBXBuildFile; fileRef = 0A13F4BB1689530500EDBBCD /* FirstViewController.m */; };
		0A13F4BD1689530500EDBBCD /* FirstViewController.m in Sources */ = {isa = PBXBuildFile; fileRef = 0A13F4BB1689530500EDBBCD /* FirstViewController.m */; };
		0A13F4C1168953FA00EDBBCD /* SecondViewController.m in Sources */ = {isa = PBXBuildFile; fileRef = 0A13F4C0168953FA00EDBBCD /* SecondViewController.m */; };
		0A13F4C2168953FA00EDBBCD /* SecondViewController.m in Sources */ = {isa = PBXBuildFile; fileRef = 0A13F4C0168953FA00EDBBCD /* SecondViewController.m */; };
		0A13F4C61689545400EDBBCD /* ThirdViewController.m in Sources */ = {isa = PBXBuildFile; fileRef = 0A13F4C51689545400EDBBCD /* ThirdViewController.m */; };
		0A13F4C71689545400EDBBCD /* ThirdViewController.m in Sources */ = {isa = PBXBuildFile; fileRef = 0A13F4C51689545400EDBBCD /* ThirdViewController.m */; };
		0A13F4CF1689570200EDBBCD /* FourViewController.m in Sources */ = {isa = PBXBuildFile; fileRef = 0A13F4CE1689570200EDBBCD /* FourViewController.m */; };
		0A13F4D01689570200EDBBCD /* FourViewController.m in Sources */ = {isa = PBXBuildFile; fileRef = 0A13F4CE1689570200EDBBCD /* FourViewController.m */; };
		0A13F4DA1689823500EDBBCD /* 主页.png in Resources */ = {isa = PBXBuildFile; fileRef = 0A13F4D91689823500EDBBCD /* 主页.png */; };
		0A13F4E2168987B100EDBBCD /* 收藏.png in Resources */ = {isa = PBXBuildFile; fileRef = 0A13F4DD168987B100EDBBCD /* 收藏.png */; };
		0A13F4E3168987B100EDBBCD /* 更多.png in Resources */ = {isa = PBXBuildFile; fileRef = 0A13F4DE168987B100EDBBCD /* 更多.png */; };
		0A13F4E5168987B100EDBBCD /* 资讯.png in Resources */ = {isa = PBXBuildFile; fileRef = 0A13F4E0168987B100EDBBCD /* 资讯.png */; };
		0A13F4E7168989BA00EDBBCD /* 看展会.png in Resources */ = {isa = PBXBuildFile; fileRef = 0A13F4E6168989BA00EDBBCD /* 看展会.png */; };
		0A13F4EC16899B6C00EDBBCD /* PersonViewController.m in Sources */ = {isa = PBXBuildFile; fileRef = 0A13F4EA16899B6C00EDBBCD /* PersonViewController.m */; };
		0A13F4ED16899B6C00EDBBCD /* PersonViewController.xib in Resources */ = {isa = PBXBuildFile; fileRef = 0A13F4EB16899B6C00EDBBCD /* PersonViewController.xib */; };
		0A13F4EF16899BE100EDBBCD /* Person.plist in Resources */ = {isa = PBXBuildFile; fileRef = 0A13F4EE16899BE100EDBBCD /* Person.plist */; };
		0ABF702A168825A800E2C3A1 /* UIKit.framework in Frameworks */ = {isa = PBXBuildFile; fileRef = 0ABF7029168825A800E2C3A1 /* UIKit.framework */; };
		0ABF702C168825A800E2C3A1 /* Foundation.framework in Frameworks */ = {isa = PBXBuildFile; fileRef = 0ABF702B168825A800E2C3A1 /* Foundation.framework */; };
		0ABF702E168825A800E2C3A1 /* CoreGraphics.framework in Frameworks */ = {isa = PBXBuildFile; fileRef = 0ABF702D168825A800E2C3A1 /* CoreGraphics.framework */; };
		0ABF7034168825A800E2C3A1 /* InfoPlist.strings in Resources */ = {isa = PBXBuildFile; fileRef = 0ABF7032168825A800E2C3A1 /* InfoPlist.strings */; };
		0ABF7036168825A800E2C3A1 /* main.m in Sources */ = {isa = PBXBuildFile; fileRef = 0ABF7035168825A800E2C3A1 /* main.m */; };
		0ABF703A168825A800E2C3A1 /* AppDelegate.m in Sources */ = {isa = PBXBuildFile; fileRef = 0ABF7039168825A800E2C3A1 /* AppDelegate.m */; };
		0ABF7048168825A900E2C3A1 /* SenTestingKit.framework in Frameworks */ = {isa = PBXBuildFile; fileRef = 0ABF7047168825A900E2C3A1 /* SenTestingKit.framework */; };
		0ABF7049168825A900E2C3A1 /* UIKit.framework in Frameworks */ = {isa = PBXBuildFile; fileRef = 0ABF7029168825A800E2C3A1 /* UIKit.framework */; };
		0ABF704A168825A900E2C3A1 /* Foundation.framework in Frameworks */ = {isa = PBXBuildFile; fileRef = 0ABF702B168825A800E2C3A1 /* Foundation.framework */; };
		0ABF7052168825A900E2C3A1 /* InfoPlist.strings in Resources */ = {isa = PBXBuildFile; fileRef = 0ABF7050168825A900E2C3A1 /* InfoPlist.strings */; };
		0ABF7055168825A900E2C3A1 /* AppProjectTests.m in Sources */ = {isa = PBXBuildFile; fileRef = 0ABF7054168825A900E2C3A1 /* AppProjectTests.m */; };
		0ABF70631688385600E2C3A1 /* MainViewController.m in Sources */ = {isa = PBXBuildFile; fileRef = 0ABF70621688385600E2C3A1 /* MainViewController.m */; };
		0ABF70641688385600E2C3A1 /* MainViewController.m in Sources */ = {isa = PBXBuildFile; fileRef = 0ABF70621688385600E2C3A1 /* MainViewController.m */; };
		0ACA27E5168AEC5400D4C86E /* Default.png in Resources */ = {isa = PBXBuildFile; fileRef = 0ACA27E4168AEC5400D4C86E /* Default.png */; };
		0ACA27E8168AEF4900D4C86E /* Default-568h@2x.png in Resources */ = {isa = PBXBuildFile; fileRef = 0ACA27E7168AEF4900D4C86E /* Default-568h@2x.png */; };
		0ACA27EA168AEF4D00D4C86E /* Default@2x.png in Resources */ = {isa = PBXBuildFile; fileRef = 0ACA27E9168AEF4D00D4C86E /* Default@2x.png */; };
		0ACA2812168B093000D4C86E /* iCarousel.m in Sources */ = {isa = PBXBuildFile; fileRef = 0ACA2811168B093000D4C86E /* iCarousel.m */; };
		0ACA2814168B096200D4C86E /* QuartzCore.framework in Frameworks */ = {isa = PBXBuildFile; fileRef = 0ACA2813168B096200D4C86E /* QuartzCore.framework */; };
		0ACA2818168B0BC700D4C86E /* huan1.jpg in Resources */ = {isa = PBXBuildFile; fileRef = 0ACA2817168B0BC700D4C86E /* huan1.jpg */; };
		0ACA281A168B0BCE00D4C86E /* huan2.jpg in Resources */ = {isa = PBXBuildFile; fileRef = 0ACA2819168B0BCE00D4C86E /* huan2.jpg */; };
		0ACA281F168B0C0800D4C86E /* huan3.jpg in Resources */ = {isa = PBXBuildFile; fileRef = 0ACA281B168B0C0800D4C86E /* huan3.jpg */; };
		0ACA2820168B0C0800D4C86E /* huan4.jpg in Resources */ = {isa = PBXBuildFile; fileRef = 0ACA281C168B0C0800D4C86E /* huan4.jpg */; };
		0ACA2821168B0C0800D4C86E /* huan5.jpg in Resources */ = {isa = PBXBuildFile; fileRef = 0ACA281D168B0C0800D4C86E /* huan5.jpg */; };
		0ACA2822168B0C0800D4C86E /* huan6.jpg in Resources */ = {isa = PBXBuildFile; fileRef = 0ACA281E168B0C0800D4C86E /* huan6.jpg */; };
		0ACA2829168B152F00D4C86E /* DetailViewController.m in Sources */ = {isa = PBXBuildFile; fileRef = 0ACA2828168B152F00D4C86E /* DetailViewController.m */; };
/* End PBXBuildFile section */

/* Begin PBXContainerItemProxy section */
		0ABF704B168825A900E2C3A1 /* PBXContainerItemProxy */ = {
			isa = PBXContainerItemProxy;
			containerPortal = 0ABF701C168825A800E2C3A1 /* Project object */;
			proxyType = 1;
			remoteGlobalIDString = 0ABF7024168825A800E2C3A1;
			remoteInfo = AppProject;
		};
/* End PBXContainerItemProxy section */

/* Begin PBXFileReference section */
		0A13F4BA1689530500EDBBCD /* FirstViewController.h */ = {isa = PBXFileReference; fileEncoding = 4; lastKnownFileType = sourcecode.c.h; path = FirstViewController.h; sourceTree = "<group>"; };
		0A13F4BB1689530500EDBBCD /* FirstViewController.m */ = {isa = PBXFileReference; fileEncoding = 4; lastKnownFileType = sourcecode.c.objc; path = FirstViewController.m; sourceTree = "<group>"; };
		0A13F4BF168953FA00EDBBCD /* SecondViewController.h */ = {isa = PBXFileReference; fileEncoding = 4; lastKnownFileType = sourcecode.c.h; path = SecondViewController.h; sourceTree = "<group>"; };
		0A13F4C0168953FA00EDBBCD /* SecondViewController.m */ = {isa = PBXFileReference; fileEncoding = 4; lastKnownFileType = sourcecode.c.objc; path = SecondViewController.m; sourceTree = "<group>"; };
		0A13F4C41689545400EDBBCD /* ThirdViewController.h */ = {isa = PBXFileReference; fileEncoding = 4; lastKnownFileType = sourcecode.c.h; path = ThirdViewController.h; sourceTree = "<group>"; };
		0A13F4C51689545400EDBBCD /* ThirdViewController.m */ = {isa = PBXFileReference; fileEncoding = 4; lastKnownFileType = sourcecode.c.objc; path = ThirdViewController.m; sourceTree = "<group>"; };
		0A13F4CD1689570200EDBBCD /* FourViewController.h */ = {isa = PBXFileReference; fileEncoding = 4; lastKnownFileType = sourcecode.c.h; path = FourViewController.h; sourceTree = "<group>"; };
		0A13F4CE1689570200EDBBCD /* FourViewController.m */ = {isa = PBXFileReference; fileEncoding = 4; lastKnownFileType = sourcecode.c.objc; path = FourViewController.m; sourceTree = "<group>"; };
		0A13F4D91689823500EDBBCD /* 主页.png */ = {isa = PBXFileReference; lastKnownFileType = image.png; name = "主页.png"; path = "AppProject/主页.png"; sourceTree = "<group>"; };
		0A13F4DD168987B100EDBBCD /* 收藏.png */ = {isa = PBXFileReference; lastKnownFileType = image.png; path = "收藏.png"; sourceTree = "<group>"; };
		0A13F4DE168987B100EDBBCD /* 更多.png */ = {isa = PBXFileReference; lastKnownFileType = image.png; path = "更多.png"; sourceTree = "<group>"; };
		0A13F4E0168987B100EDBBCD /* 资讯.png */ = {isa = PBXFileReference; lastKnownFileType = image.png; path = "资讯.png"; sourceTree = "<group>"; };
		0A13F4E6168989BA00EDBBCD /* 看展会.png */ = {isa = PBXFileReference; lastKnownFileType = image.png; path = "看展会.png"; sourceTree = "<group>"; };
		0A13F4E916899B6C00EDBBCD /* PersonViewController.h */ = {isa = PBXFileReference; fileEncoding = 4; lastKnownFileType = sourcecode.c.h; path = PersonViewController.h; sourceTree = "<group>"; };
		0A13F4EA16899B6C00EDBBCD /* PersonViewController.m */ = {isa = PBXFileReference; fileEncoding = 4; lastKnownFileType = sourcecode.c.objc; path = PersonViewController.m; sourceTree = "<group>"; };
		0A13F4EB16899B6C00EDBBCD /* PersonViewController.xib */ = {isa = PBXFileReference; fileEncoding = 4; lastKnownFileType = file.xib; path = PersonViewController.xib; sourceTree = "<group>"; };
		0A13F4EE16899BE100EDBBCD /* Person.plist */ = {isa = PBXFileReference; fileEncoding = 4; lastKnownFileType = text.plist.xml; name = Person.plist; path = ../Person.plist; sourceTree = "<group>"; };
		0ABF7025168825A800E2C3A1 /* AppProject.app */ = {isa = PBXFileReference; explicitFileType = wrapper.application; includeInIndex = 0; path = AppProject.app; sourceTree = BUILT_PRODUCTS_DIR; };
		0ABF7029168825A800E2C3A1 /* UIKit.framework */ = {isa = PBXFileReference; lastKnownFileType = wrapper.framework; name = UIKit.framework; path = System/Library/Frameworks/UIKit.framework; sourceTree = SDKROOT; };
		0ABF702B168825A800E2C3A1 /* Foundation.framework */ = {isa = PBXFileReference; lastKnownFileType = wrapper.framework; name = Foundation.framework; path = System/Library/Frameworks/Foundation.framework; sourceTree = SDKROOT; };
		0ABF702D168825A800E2C3A1 /* CoreGraphics.framework */ = {isa = PBXFileReference; lastKnownFileType = wrapper.framework; name = CoreGraphics.framework; path = System/Library/Frameworks/CoreGraphics.framework; sourceTree = SDKROOT; };
		0ABF7031168825A800E2C3A1 /* AppProject-Info.plist */ = {isa = PBXFileReference; lastKnownFileType = text.plist.xml; path = "AppProject-Info.plist"; sourceTree = "<group>"; };
		0ABF7033168825A800E2C3A1 /* en */ = {isa = PBXFileReference; lastKnownFileType = text.plist.strings; name = en; path = en.lproj/InfoPlist.strings; sourceTree = "<group>"; };
		0ABF7035168825A800E2C3A1 /* main.m */ = {isa = PBXFileReference; lastKnownFileType = sourcecode.c.objc; path = main.m; sourceTree = "<group>"; };
		0ABF7037168825A800E2C3A1 /* AppProject-Prefix.pch */ = {isa = PBXFileReference; lastKnownFileType = sourcecode.c.h; path = "AppProject-Prefix.pch"; sourceTree = "<group>"; };
		0ABF7038168825A800E2C3A1 /* AppDelegate.h */ = {isa = PBXFileReference; lastKnownFileType = sourcecode.c.h; path = AppDelegate.h; sourceTree = "<group>"; };
		0ABF7039168825A800E2C3A1 /* AppDelegate.m */ = {isa = PBXFileReference; lastKnownFileType = sourcecode.c.objc; path = AppDelegate.m; sourceTree = "<group>"; };
		0ABF7046168825A900E2C3A1 /* AppProjectTests.octest */ = {isa = PBXFileReference; explicitFileType = wrapper.cfbundle; includeInIndex = 0; path = AppProjectTests.octest; sourceTree = BUILT_PRODUCTS_DIR; };
		0ABF7047168825A900E2C3A1 /* SenTestingKit.framework */ = {isa = PBXFileReference; lastKnownFileType = wrapper.framework; name = SenTestingKit.framework; path = Library/Frameworks/SenTestingKit.framework; sourceTree = DEVELOPER_DIR; };
		0ABF704F168825A900E2C3A1 /* AppProjectTests-Info.plist */ = {isa = PBXFileReference; lastKnownFileType = text.plist.xml; path = "AppProjectTests-Info.plist"; sourceTree = "<group>"; };
		0ABF7051168825A900E2C3A1 /* en */ = {isa = PBXFileReference; lastKnownFileType = text.plist.strings; name = en; path = en.lproj/InfoPlist.strings; sourceTree = "<group>"; };
		0ABF7053168825A900E2C3A1 /* AppProjectTests.h */ = {isa = PBXFileReference; lastKnownFileType = sourcecode.c.h; path = AppProjectTests.h; sourceTree = "<group>"; };
		0ABF7054168825A900E2C3A1 /* AppProjectTests.m */ = {isa = PBXFileReference; lastKnownFileType = sourcecode.c.objc; path = AppProjectTests.m; sourceTree = "<group>"; };
		0ABF70611688385600E2C3A1 /* MainViewController.h */ = {isa = PBXFileReference; fileEncoding = 4; lastKnownFileType = sourcecode.c.h; path = MainViewController.h; sourceTree = "<group>"; };
		0ABF70621688385600E2C3A1 /* MainViewController.m */ = {isa = PBXFileReference; fileEncoding = 4; lastKnownFileType = sourcecode.c.objc; path = MainViewController.m; sourceTree = "<group>"; };
		0ACA27E4168AEC5400D4C86E /* Default.png */ = {isa = PBXFileReference; lastKnownFileType = image.png; path = Default.png; sourceTree = "<group>"; };
		0ACA27E7168AEF4900D4C86E /* Default-568h@2x.png */ = {isa = PBXFileReference; lastKnownFileType = image.png; path = "Default-568h@2x.png"; sourceTree = "<group>"; };
		0ACA27E9168AEF4D00D4C86E /* Default@2x.png */ = {isa = PBXFileReference; lastKnownFileType = image.png; path = "Default@2x.png"; sourceTree = "<group>"; };
		0ACA2810168B093000D4C86E /* iCarousel.h */ = {isa = PBXFileReference; fileEncoding = 4; lastKnownFileType = sourcecode.c.h; path = iCarousel.h; sourceTree = "<group>"; };
		0ACA2811168B093000D4C86E /* iCarousel.m */ = {isa = PBXFileReference; fileEncoding = 4; lastKnownFileType = sourcecode.c.objc; path = iCarousel.m; sourceTree = "<group>"; };
		0ACA2813168B096200D4C86E /* QuartzCore.framework */ = {isa = PBXFileReference; lastKnownFileType = wrapper.framework; name = QuartzCore.framework; path = System/Library/Frameworks/QuartzCore.framework; sourceTree = SDKROOT; };
		0ACA2817168B0BC700D4C86E /* huan1.jpg */ = {isa = PBXFileReference; lastKnownFileType = image.jpeg; path = huan1.jpg; sourceTree = "<group>"; };
		0ACA2819168B0BCE00D4C86E /* huan2.jpg */ = {isa = PBXFileReference; lastKnownFileType = image.jpeg; path = huan2.jpg; sourceTree = "<group>"; };
		0ACA281B168B0C0800D4C86E /* huan3.jpg */ = {isa = PBXFileReference; lastKnownFileType = image.jpeg; path = huan3.jpg; sourceTree = "<group>"; };
		0ACA281C168B0C0800D4C86E /* huan4.jpg */ = {isa = PBXFileReference; lastKnownFileType = image.jpeg; path = huan4.jpg; sourceTree = "<group>"; };
		0ACA281D168B0C0800D4C86E /* huan5.jpg */ = {isa = PBXFileReference; lastKnownFileType = image.jpeg; path = huan5.jpg; sourceTree = "<group>"; };
		0ACA281E168B0C0800D4C86E /* huan6.jpg */ = {isa = PBXFileReference; lastKnownFileType = image.jpeg; path = huan6.jpg; sourceTree = "<group>"; };
		0ACA2827168B152F00D4C86E /* DetailViewController.h */ = {isa = PBXFileReference; fileEncoding = 4; lastKnownFileType = sourcecode.c.h; path = DetailViewController.h; sourceTree = "<group>"; };
		0ACA2828168B152F00D4C86E /* DetailViewController.m */ = {isa = PBXFileReference; fileEncoding = 4; lastKnownFileType = sourcecode.c.objc; path = DetailViewController.m; sourceTree = "<group>"; };
/* End PBXFileReference section */

/* Begin PBXFrameworksBuildPhase section */
		0ABF7022168825A800E2C3A1 /* Frameworks */ = {
			isa = PBXFrameworksBuildPhase;
			buildActionMask = 2147483647;
			files = (
				0ACA2814168B096200D4C86E /* QuartzCore.framework in Frameworks */,
				0ABF702A168825A800E2C3A1 /* UIKit.framework in Frameworks */,
				0ABF702C168825A800E2C3A1 /* Foundation.framework in Frameworks */,
				0ABF702E168825A800E2C3A1 /* CoreGraphics.framework in Frameworks */,
			);
			runOnlyForDeploymentPostprocessing = 0;
		};
		0ABF7042168825A900E2C3A1 /* Frameworks */ = {
			isa = PBXFrameworksBuildPhase;
			buildActionMask = 2147483647;
			files = (
				0ABF7048168825A900E2C3A1 /* SenTestingKit.framework in Frameworks */,
				0ABF7049168825A900E2C3A1 /* UIKit.framework in Frameworks */,
				0ABF704A168825A900E2C3A1 /* Foundation.framework in Frameworks */,
			);
			runOnlyForDeploymentPostprocessing = 0;
		};
/* End PBXFrameworksBuildPhase section */

/* Begin PBXGroup section */
		0A13F4BE1689531300EDBBCD /* SecondController */ = {
			isa = PBXGroup;
			children = (
				0A13F4BF168953FA00EDBBCD /* SecondViewController.h */,
				0A13F4C0168953FA00EDBBCD /* SecondViewController.m */,
			);
			name = SecondController;
			sourceTree = "<group>";
		};
		0A13F4C31689541300EDBBCD /* ThirdController */ = {
			isa = PBXGroup;
			children = (
				0A13F4C41689545400EDBBCD /* ThirdViewController.h */,
				0A13F4C51689545400EDBBCD /* ThirdViewController.m */,
			);
			name = ThirdController;
			sourceTree = "<group>";
		};
		0A13F4CC168956E700EDBBCD /* FourController */ = {
			isa = PBXGroup;
			children = (
				0A13F4E816899B1300EDBBCD /* subControllers */,
				0A13F4CD1689570200EDBBCD /* FourViewController.h */,
				0A13F4CE1689570200EDBBCD /* FourViewController.m */,
			);
			name = FourController;
			sourceTree = "<group>";
		};
		0A13F4DB1689824200EDBBCD /* Resoures */ = {
			isa = PBXGroup;
			children = (
				0ACA2816168B0B8A00D4C86E /* 首页图片 */,
				0ACA2815168B0B7300D4C86E /* 界面图片 */,
				0ACA27E9168AEF4D00D4C86E /* Default@2x.png */,
				0ACA27E7168AEF4900D4C86E /* Default-568h@2x.png */,
				0ACA27E4168AEC5400D4C86E /* Default.png */,
			);
			name = Resoures;
			sourceTree = "<group>";
		};
		0A13F4E816899B1300EDBBCD /* subControllers */ = {
			isa = PBXGroup;
			children = (
				0A13F4E916899B6C00EDBBCD /* PersonViewController.h */,
				0A13F4EA16899B6C00EDBBCD /* PersonViewController.m */,
				0A13F4EB16899B6C00EDBBCD /* PersonViewController.xib */,
			);
			name = subControllers;
			sourceTree = "<group>";
		};
		0ABF701A168825A800E2C3A1 = {
			isa = PBXGroup;
			children = (
				0A13F4DB1689824200EDBBCD /* Resoures */,
				0ABF705E1688380300E2C3A1 /* Class */,
				0ABF702F168825A800E2C3A1 /* AppProject */,
				0ABF704D168825A900E2C3A1 /* AppProjectTests */,
				0ABF7028168825A800E2C3A1 /* Frameworks */,
				0ABF7026168825A800E2C3A1 /* Products */,
			);
			sourceTree = "<group>";
		};
		0ABF7026168825A800E2C3A1 /* Products */ = {
			isa = PBXGroup;
			children = (
				0ABF7025168825A800E2C3A1 /* AppProject.app */,
				0ABF7046168825A900E2C3A1 /* AppProjectTests.octest */,
			);
			name = Products;
			sourceTree = "<group>";
		};
		0ABF7028168825A800E2C3A1 /* Frameworks */ = {
			isa = PBXGroup;
			children = (
				0ACA2813168B096200D4C86E /* QuartzCore.framework */,
				0ABF7029168825A800E2C3A1 /* UIKit.framework */,
				0ABF702B168825A800E2C3A1 /* Foundation.framework */,
				0ABF702D168825A800E2C3A1 /* CoreGraphics.framework */,
				0ABF7047168825A900E2C3A1 /* SenTestingKit.framework */,
			);
			name = Frameworks;
			sourceTree = "<group>";
		};
		0ABF702F168825A800E2C3A1 /* AppProject */ = {
			isa = PBXGroup;
			children = (
				0ABF7038168825A800E2C3A1 /* AppDelegate.h */,
				0ABF7039168825A800E2C3A1 /* AppDelegate.m */,
				0ABF7030168825A800E2C3A1 /* Supporting Files */,
			);
			path = AppProject;
			sourceTree = "<group>";
		};
		0ABF7030168825A800E2C3A1 /* Supporting Files */ = {
			isa = PBXGroup;
			children = (
				0A13F4EE16899BE100EDBBCD /* Person.plist */,
				0ABF7031168825A800E2C3A1 /* AppProject-Info.plist */,
				0ABF7032168825A800E2C3A1 /* InfoPlist.strings */,
				0ABF7035168825A800E2C3A1 /* main.m */,
				0ABF7037168825A800E2C3A1 /* AppProject-Prefix.pch */,
			);
			name = "Supporting Files";
			sourceTree = "<group>";
		};
		0ABF704D168825A900E2C3A1 /* AppProjectTests */ = {
			isa = PBXGroup;
			children = (
				0ABF7053168825A900E2C3A1 /* AppProjectTests.h */,
				0ABF7054168825A900E2C3A1 /* AppProjectTests.m */,
				0ABF704E168825A900E2C3A1 /* Supporting Files */,
			);
			path = AppProjectTests;
			sourceTree = "<group>";
		};
		0ABF704E168825A900E2C3A1 /* Supporting Files */ = {
			isa = PBXGroup;
			children = (
				0ABF704F168825A900E2C3A1 /* AppProjectTests-Info.plist */,
				0ABF7050168825A900E2C3A1 /* InfoPlist.strings */,
			);
			name = "Supporting Files";
			sourceTree = "<group>";
		};
		0ABF705E1688380300E2C3A1 /* Class */ = {
			isa = PBXGroup;
			children = (
				0ACA280F168B089900D4C86E /* Support */,
				0ABF705F1688382300E2C3A1 /* Controllers */,
			);
			name = Class;
			sourceTree = "<group>";
		};
		0ABF705F1688382300E2C3A1 /* Controllers */ = {
			isa = PBXGroup;
			children = (
				0A13F4CC168956E700EDBBCD /* FourController */,
				0A13F4C31689541300EDBBCD /* ThirdController */,
				0A13F4BE1689531300EDBBCD /* SecondController */,
				0ABF70651688413000E2C3A1 /* FirstController */,
				0ABF70601688383700E2C3A1 /* MainController */,
			);
			name = Controllers;
			sourceTree = "<group>";
		};
		0ABF70601688383700E2C3A1 /* MainController */ = {
			isa = PBXGroup;
			children = (
				0ABF70611688385600E2C3A1 /* MainViewController.h */,
				0ABF70621688385600E2C3A1 /* MainViewController.m */,
				0ACA2827168B152F00D4C86E /* DetailViewController.h */,
				0ACA2828168B152F00D4C86E /* DetailViewController.m */,
			);
			name = MainController;
			sourceTree = "<group>";
		};
		0ABF70651688413000E2C3A1 /* FirstController */ = {
			isa = PBXGroup;
			children = (
				0A13F4BA1689530500EDBBCD /* FirstViewController.h */,
				0A13F4BB1689530500EDBBCD /* FirstViewController.m */,
			);
			name = FirstController;
			sourceTree = "<group>";
		};
		0ACA280F168B089900D4C86E /* Support */ = {
			isa = PBXGroup;
			children = (
				0ACA2810168B093000D4C86E /* iCarousel.h */,
				0ACA2811168B093000D4C86E /* iCarousel.m */,
			);
			name = Support;
			sourceTree = "<group>";
		};
		0ACA2815168B0B7300D4C86E /* 界面图片 */ = {
			isa = PBXGroup;
			children = (
				0A13F4DD168987B100EDBBCD /* 收藏.png */,
				0A13F4E6168989BA00EDBBCD /* 看展会.png */,
				0A13F4DE168987B100EDBBCD /* 更多.png */,
				0A13F4E0168987B100EDBBCD /* 资讯.png */,
				0A13F4D91689823500EDBBCD /* 主页.png */,
			);
			name = "界面图片";
			sourceTree = "<group>";
		};
		0ACA2816168B0B8A00D4C86E /* 首页图片 */ = {
			isa = PBXGroup;
			children = (
				0ACA2817168B0BC700D4C86E /* huan1.jpg */,
				0ACA2819168B0BCE00D4C86E /* huan2.jpg */,
				0ACA281B168B0C0800D4C86E /* huan3.jpg */,
				0ACA281C168B0C0800D4C86E /* huan4.jpg */,
				0ACA281D168B0C0800D4C86E /* huan5.jpg */,
				0ACA281E168B0C0800D4C86E /* huan6.jpg */,
			);
			name = "首页图片";
			sourceTree = "<group>";
		};
/* End PBXGroup section */

/* Begin PBXNativeTarget section */
		0ABF7024168825A800E2C3A1 /* AppProject */ = {
			isa = PBXNativeTarget;
			buildConfigurationList = 0ABF7058168825A900E2C3A1 /* Build configuration list for PBXNativeTarget "AppProject" */;
			buildPhases = (
				0ABF7021168825A800E2C3A1 /* Sources */,
				0ABF7022168825A800E2C3A1 /* Frameworks */,
				0ABF7023168825A800E2C3A1 /* Resources */,
			);
			buildRules = (
			);
			dependencies = (
			);
			name = AppProject;
			productName = AppProject;
			productReference = 0ABF7025168825A800E2C3A1 /* AppProject.app */;
			productType = "com.apple.product-type.application";
		};
		0ABF7045168825A900E2C3A1 /* AppProjectTests */ = {
			isa = PBXNativeTarget;
			buildConfigurationList = 0ABF705B168825A900E2C3A1 /* Build configuration list for PBXNativeTarget "AppProjectTests" */;
			buildPhases = (
				0ABF7041168825A900E2C3A1 /* Sources */,
				0ABF7042168825A900E2C3A1 /* Frameworks */,
				0ABF7043168825A900E2C3A1 /* Resources */,
				0ABF7044168825A900E2C3A1 /* ShellScript */,
			);
			buildRules = (
			);
			dependencies = (
				0ABF704C168825A900E2C3A1 /* PBXTargetDependency */,
			);
			name = AppProjectTests;
			productName = AppProjectTests;
			productReference = 0ABF7046168825A900E2C3A1 /* AppProjectTests.octest */;
			productType = "com.apple.product-type.bundle";
		};
/* End PBXNativeTarget section */

/* Begin PBXProject section */
		0ABF701C168825A800E2C3A1 /* Project object */ = {
			isa = PBXProject;
			attributes = {
				LastUpgradeCheck = 0450;
				ORGANIZATIONNAME = Mars;
			};
			buildConfigurationList = 0ABF701F168825A800E2C3A1 /* Build configuration list for PBXProject "AppProject" */;
			compatibilityVersion = "Xcode 3.2";
			developmentRegion = English;
			hasScannedForEncodings = 0;
			knownRegions = (
				en,
			);
			mainGroup = 0ABF701A168825A800E2C3A1;
			productRefGroup = 0ABF7026168825A800E2C3A1 /* Products */;
			projectDirPath = "";
			projectRoot = "";
			targets = (
				0ABF7024168825A800E2C3A1 /* AppProject */,
				0ABF7045168825A900E2C3A1 /* AppProjectTests */,
			);
		};
/* End PBXProject section */

/* Begin PBXResourcesBuildPhase section */
		0ABF7023168825A800E2C3A1 /* Resources */ = {
			isa = PBXResourcesBuildPhase;
			buildActionMask = 2147483647;
			files = (
				0ABF7034168825A800E2C3A1 /* InfoPlist.strings in Resources */,
				0A13F4DA1689823500EDBBCD /* 主页.png in Resources */,
				0A13F4E2168987B100EDBBCD /* 收藏.png in Resources */,
				0A13F4E3168987B100EDBBCD /* 更多.png in Resources */,
				0A13F4E5168987B100EDBBCD /* 资讯.png in Resources */,
				0A13F4E7168989BA00EDBBCD /* 看展会.png in Resources */,
				0A13F4ED16899B6C00EDBBCD /* PersonViewController.xib in Resources */,
				0A13F4EF16899BE100EDBBCD /* Person.plist in Resources */,
				0ACA27E5168AEC5400D4C86E /* Default.png in Resources */,
				0ACA27E8168AEF4900D4C86E /* Default-568h@2x.png in Resources */,
				0ACA27EA168AEF4D00D4C86E /* Default@2x.png in Resources */,
				0ACA2818168B0BC700D4C86E /* huan1.jpg in Resources */,
				0ACA281A168B0BCE00D4C86E /* huan2.jpg in Resources */,
				0ACA281F168B0C0800D4C86E /* huan3.jpg in Resources */,
				0ACA2820168B0C0800D4C86E /* huan4.jpg in Resources */,
				0ACA2821168B0C0800D4C86E /* huan5.jpg in Resources */,
				0ACA2822168B0C0800D4C86E /* huan6.jpg in Resources */,
			);
			runOnlyForDeploymentPostprocessing = 0;
		};
		0ABF7043168825A900E2C3A1 /* Resources */ = {
			isa = PBXResourcesBuildPhase;
			buildActionMask = 2147483647;
			files = (
				0ABF7052168825A900E2C3A1 /* InfoPlist.strings in Resources */,
			);
			runOnlyForDeploymentPostprocessing = 0;
		};
/* End PBXResourcesBuildPhase section */

/* Begin PBXShellScriptBuildPhase section */
		0ABF7044168825A900E2C3A1 /* ShellScript */ = {
			isa = PBXShellScriptBuildPhase;
			buildActionMask = 2147483647;
			files = (
			);
			inputPaths = (
			);
			outputPaths = (
			);
			runOnlyForDeploymentPostprocessing = 0;
			shellPath = /bin/sh;
			shellScript = "# Run the unit tests in this test bundle.\n\"${SYSTEM_DEVELOPER_DIR}/Tools/RunUnitTests\"\n";
		};
/* End PBXShellScriptBuildPhase section */

/* Begin PBXSourcesBuildPhase section */
		0ABF7021168825A800E2C3A1 /* Sources */ = {
			isa = PBXSourcesBuildPhase;
			buildActionMask = 2147483647;
			files = (
				0ABF7036168825A800E2C3A1 /* main.m in Sources */,
				0ABF703A168825A800E2C3A1 /* AppDelegate.m in Sources */,
				0ABF70631688385600E2C3A1 /* MainViewController.m in Sources */,
				0A13F4BC1689530500EDBBCD /* FirstViewController.m in Sources */,
				0A13F4C1168953FA00EDBBCD /* SecondViewController.m in Sources */,
				0A13F4C61689545400EDBBCD /* ThirdViewController.m in Sources */,
				0A13F4CF1689570200EDBBCD /* FourViewController.m in Sources */,
				0A13F4EC16899B6C00EDBBCD /* PersonViewController.m in Sources */,
				0ACA2812168B093000D4C86E /* iCarousel.m in Sources */,
				0ACA2829168B152F00D4C86E /* DetailViewController.m in Sources */,
			);
			runOnlyForDeploymentPostprocessing = 0;
		};
		0ABF7041168825A900E2C3A1 /* Sources */ = {
			isa = PBXSourcesBuildPhase;
			buildActionMask = 2147483647;
			files = (
				0ABF7055168825A900E2C3A1 /* AppProjectTests.m in Sources */,
				0ABF70641688385600E2C3A1 /* MainViewController.m in Sources */,
				0A13F4BD1689530500EDBBCD /* FirstViewController.m in Sources */,
				0A13F4C2168953FA00EDBBCD /* SecondViewController.m in Sources */,
				0A13F4C71689545400EDBBCD /* ThirdViewController.m in Sources */,
				0A13F4D01689570200EDBBCD /* FourViewController.m in Sources */,
			);
			runOnlyForDeploymentPostprocessing = 0;
		};
/* End PBXSourcesBuildPhase section */

/* Begin PBXTargetDependency section */
		0ABF704C168825A900E2C3A1 /* PBXTargetDependency */ = {
			isa = PBXTargetDependency;
			target = 0ABF7024168825A800E2C3A1 /* AppProject */;
			targetProxy = 0ABF704B168825A900E2C3A1 /* PBXContainerItemProxy */;
		};
/* End PBXTargetDependency section */

/* Begin PBXVariantGroup section */
		0ABF7032168825A800E2C3A1 /* InfoPlist.strings */ = {
			isa = PBXVariantGroup;
			children = (
				0ABF7033168825A800E2C3A1 /* en */,
			);
			name = InfoPlist.strings;
			sourceTree = "<group>";
		};
		0ABF7050168825A900E2C3A1 /* InfoPlist.strings */ = {
			isa = PBXVariantGroup;
			children = (
				0ABF7051168825A900E2C3A1 /* en */,
			);
			name = InfoPlist.strings;
			sourceTree = "<group>";
		};
/* End PBXVariantGroup section */

/* Begin XCBuildConfiguration section */
		0ABF7056168825A900E2C3A1 /* Debug */ = {
			isa = XCBuildConfiguration;
			buildSettings = {
				ALWAYS_SEARCH_USER_PATHS = NO;
				CLANG_CXX_LANGUAGE_STANDARD = "gnu++0x";
				CLANG_CXX_LIBRARY = "libc++";
				CLANG_WARN_EMPTY_BODY = YES;
				CLANG_WARN__DUPLICATE_METHOD_MATCH = YES;
				"CODE_SIGN_IDENTITY[sdk=iphoneos*]" = "iPhone Developer";
				COPY_PHASE_STRIP = NO;
				GCC_C_LANGUAGE_STANDARD = gnu99;
				GCC_DYNAMIC_NO_PIC = NO;
				GCC_OPTIMIZATION_LEVEL = 0;
				GCC_PREPROCESSOR_DEFINITIONS = (
					"DEBUG=1",
					"$(inherited)",
				);
				GCC_SYMBOLS_PRIVATE_EXTERN = NO;
				GCC_WARN_ABOUT_RETURN_TYPE = YES;
				GCC_WARN_UNINITIALIZED_AUTOS = YES;
				GCC_WARN_UNUSED_VARIABLE = YES;
				IPHONEOS_DEPLOYMENT_TARGET = 6.0;
				ONLY_ACTIVE_ARCH = YES;
				SDKROOT = iphoneos;
			};
			name = Debug;
		};
		0ABF7057168825A900E2C3A1 /* Release */ = {
			isa = XCBuildConfiguration;
			buildSettings = {
				ALWAYS_SEARCH_USER_PATHS = NO;
				CLANG_CXX_LANGUAGE_STANDARD = "gnu++0x";
				CLANG_CXX_LIBRARY = "libc++";
				CLANG_WARN_EMPTY_BODY = YES;
				CLANG_WARN__DUPLICATE_METHOD_MATCH = YES;
				"CODE_SIGN_IDENTITY[sdk=iphoneos*]" = "iPhone Developer";
				COPY_PHASE_STRIP = YES;
				GCC_C_LANGUAGE_STANDARD = gnu99;
				GCC_WARN_ABOUT_RETURN_TYPE = YES;
				GCC_WARN_UNINITIALIZED_AUTOS = YES;
				GCC_WARN_UNUSED_VARIABLE = YES;
				IPHONEOS_DEPLOYMENT_TARGET = 6.0;
				OTHER_CFLAGS = "-DNS_BLOCK_ASSERTIONS=1";
				SDKROOT = iphoneos;
				VALIDATE_PRODUCT = YES;
			};
			name = Release;
		};
		0ABF7059168825A900E2C3A1 /* Debug */ = {
			isa = XCBuildConfiguration;
			buildSettings = {
				GCC_PRECOMPILE_PREFIX_HEADER = YES;
				GCC_PREFIX_HEADER = "AppProject/AppProject-Prefix.pch";
				INFOPLIST_FILE = "AppProject/AppProject-Info.plist";
				PRODUCT_NAME = "$(TARGET_NAME)";
				WRAPPER_EXTENSION = app;
			};
			name = Debug;
		};
		0ABF705A168825A900E2C3A1 /* Release */ = {
			isa = XCBuildConfiguration;
			buildSettings = {
				GCC_PRECOMPILE_PREFIX_HEADER = YES;
				GCC_PREFIX_HEADER = "AppProject/AppProject-Prefix.pch";
				INFOPLIST_FILE = "AppProject/AppProject-Info.plist";
				PRODUCT_NAME = "$(TARGET_NAME)";
				WRAPPER_EXTENSION = app;
			};
			name = Release;
		};
		0ABF705C168825A900E2C3A1 /* Debug */ = {
			isa = XCBuildConfiguration;
			buildSettings = {
				BUNDLE_LOADER = "$(BUILT_PRODUCTS_DIR)/AppProject.app/AppProject";
				FRAMEWORK_SEARCH_PATHS = (
					"\"$(SDKROOT)/Developer/Library/Frameworks\"",
					"\"$(DEVELOPER_LIBRARY_DIR)/Frameworks\"",
				);
				GCC_PRECOMPILE_PREFIX_HEADER = YES;
				GCC_PREFIX_HEADER = "AppProject/AppProject-Prefix.pch";
				INFOPLIST_FILE = "AppProjectTests/AppProjectTests-Info.plist";
				PRODUCT_NAME = "$(TARGET_NAME)";
				TEST_HOST = "$(BUNDLE_LOADER)";
				WRAPPER_EXTENSION = octest;
			};
			name = Debug;
		};
		0ABF705D168825A900E2C3A1 /* Release */ = {
			isa = XCBuildConfiguration;
			buildSettings = {
				BUNDLE_LOADER = "$(BUILT_PRODUCTS_DIR)/AppProject.app/AppProject";
				FRAMEWORK_SEARCH_PATHS = (
					"\"$(SDKROOT)/Developer/Library/Frameworks\"",
					"\"$(DEVELOPER_LIBRARY_DIR)/Frameworks\"",
				);
				GCC_PRECOMPILE_PREFIX_HEADER = YES;
				GCC_PREFIX_HEADER = "AppProject/AppProject-Prefix.pch";
				INFOPLIST_FILE = "AppProjectTests/AppProjectTests-Info.plist";
				PRODUCT_NAME = "$(TARGET_NAME)";
				TEST_HOST = "$(BUNDLE_LOADER)";
				WRAPPER_EXTENSION = octest;
			};
			name = Release;
		};
/* End XCBuildConfiguration section */

/* Begin XCConfigurationList section */
		0ABF701F168825A800E2C3A1 /* Build configuration list for PBXProject "AppProject" */ = {
			isa = XCConfigurationList;
			buildConfigurations = (
				0ABF7056168825A900E2C3A1 /* Debug */,
				0ABF7057168825A900E2C3A1 /* Release */,
			);
			defaultConfigurationIsVisible = 0;
			defaultConfigurationName = Release;
		};
		0ABF7058168825A900E2C3A1 /* Build configuration list for PBXNativeTarget "AppProject" */ = {
			isa = XCConfigurationList;
			buildConfigurations = (
				0ABF7059168825A900E2C3A1 /* Debug */,
				0ABF705A168825A900E2C3A1 /* Release */,
			);
			defaultConfigurationIsVisible = 0;
			defaultConfigurationName = Release;
		};
		0ABF705B168825A900E2C3A1 /* Build configuration list for PBXNativeTarget "AppProjectTests" */ = {
			isa = XCConfigurationList;
			buildConfigurations = (
				0ABF705C168825A900E2C3A1 /* Debug */,
				0ABF705D168825A900E2C3A1 /* Release */,
			);
			defaultConfigurationIsVisible = 0;
			defaultConfigurationName = Release;
		};
/* End XCConfigurationList section */
	};
	rootObject = 0ABF701C168825A800E2C3A1 /* Project object */;
}
